<?xml version="1.0" encoding="utf-8"?>
<Project ToolsVersion="4.0" xmlns="http://schemas.microsoft.com/developer/msbuild/2003">
  <ItemGroup>
    <Filter Include="ECS">
      <UniqueIdentifier>{60E1870B-CCEA-877C-5566-9E7CC16E937C}</UniqueIdentifier>
    </Filter>
    <Filter Include="GameManagers">
      <UniqueIdentifier>{2DBB2564-191E-B508-C2A3-EDBEAEE5808B}</UniqueIdentifier>
    </Filter>
    <Filter Include="MyObjects">
      <UniqueIdentifier>{B5AF3154-211A-E6CA-6A58-9770D601C41F}</UniqueIdentifier>
    </Filter>
    <Filter Include="ObjectTemplates">
      <UniqueIdentifier>{2BFA3C82-9785-AA46-A096-2D3B0CA10647}</UniqueIdentifier>
    </Filter>
  </ItemGroup>
  <ItemGroup>
    <ClInclude Include="src\Dimensions.h" />
    <ClInclude Include="src\ECS\ColliderComponent.h">
      <Filter>ECS</Filter>
    </ClInclude>
    <ClInclude Include="src\ECS\CombatComponent.h">
      <Filter>ECS</Filter>
    </ClInclude>
    <ClInclude Include="src\ECS\Component.h">
      <Filter>ECS</Filter>
    </ClInclude>
    <ClInclude Include="src\ECS\ComponentManager.h">
      <Filter>ECS</Filter>
    </ClInclude>
    <ClInclude Include="src\ECS\KeyboardController.h">
      <Filter>ECS</Filter>
    </ClInclude>
    <ClInclude Include="src\ECS\MouseController.h">
      <Filter>ECS</Filter>
    </ClInclude>
    <ClInclude Include="src\ECS\ProjectileComponent.h">
      <Filter>ECS</Filter>
    </ClInclude>
    <ClInclude Include="src\ECS\TextureComponent.h">
      <Filter>ECS</Filter>
    </ClInclude>
    <ClInclude Include="src\ECS\TransformComponent.h">
      <Filter>ECS</Filter>
    </ClInclude>
    <ClInclude Include="src\Game.h" />
    <ClInclude Include="src\GameManagers\CollisionManager.h">
      <Filter>GameManagers</Filter>
    </ClInclude>
    <ClInclude Include="src\GameManagers\GameManager.h">
      <Filter>GameManagers</Filter>
    </ClInclude>
    <ClInclude Include="src\GameManagers\GamePlayManager.h">
      <Filter>GameManagers</Filter>
    </ClInclude>
    <ClInclude Include="src\GameManagers\ObjectManager.h">
      <Filter>GameManagers</Filter>
    </ClInclude>
    <ClInclude Include="src\GameManagers\ProjectileManager.h">
      <Filter>GameManagers</Filter>
    </ClInclude>
    <ClInclude Include="src\GameManagers\Spawner.h">
      <Filter>GameManagers</Filter>
    </ClInclude>
    <ClInclude Include="src\GameManagers\TextureManager.h">
      <Filter>GameManagers</Filter>
    </ClInclude>
    <ClInclude Include="src\MyObjects\Asteroid.h">
      <Filter>MyObjects</Filter>
    </ClInclude>
    <ClInclude Include="src\MyObjects\Player.h">
      <Filter>MyObjects</Filter>
    </ClInclude>
    <ClInclude Include="src\MyObjects\Ship.h">
      <Filter>MyObjects</Filter>
    </ClInclude>
    <ClInclude Include="src\MyObjects\ShipProjectile.h">
      <Filter>MyObjects</Filter>
    </ClInclude>
    <ClInclude Include="src\MyObjects\UFO.h">
      <Filter>MyObjects</Filter>
    </ClInclude>
    <ClInclude Include="src\ObjectTemplates\Actor.h">
      <Filter>ObjectTemplates</Filter>
    </ClInclude>
    <ClInclude Include="src\ObjectTemplates\GameObject.h">
      <Filter>ObjectTemplates</Filter>
    </ClInclude>
    <ClInclude Include="src\ObjectTemplates\MouseCursor.h">
      <Filter>ObjectTemplates</Filter>
    </ClInclude>
    <ClInclude Include="src\ObjectTemplates\ObjectDimensions.h">
      <Filter>ObjectTemplates</Filter>
    </ClInclude>
    <ClInclude Include="src\ObjectTemplates\Pawn.h">
      <Filter>ObjectTemplates</Filter>
    </ClInclude>
    <ClInclude Include="src\ObjectTemplates\Projectile.h">
      <Filter>ObjectTemplates</Filter>
    </ClInclude>
    <ClInclude Include="src\ObjectTemplates\ReloadIcon.h">
      <Filter>ObjectTemplates</Filter>
    </ClInclude>
    <ClInclude Include="src\Renderer.h" />
    <ClInclude Include="src\Vector2D.h" />
    <ClInclude Include="src\Vector3D.h" />
  </ItemGroup>
  <ItemGroup>
    <ClCompile Include="src\ECS\CombatComponent.cpp">
      <Filter>ECS</Filter>
    </ClCompile>
    <ClCompile Include="src\ECS\KeyBoardController.cpp">
      <Filter>ECS</Filter>
    </ClCompile>
    <ClCompile Include="src\Game.cpp" />
    <ClCompile Include="src\GameManagers\CollisionManager.cpp">
      <Filter>GameManagers</Filter>
    </ClCompile>
    <ClCompile Include="src\GameManagers\GameManager.cpp">
      <Filter>GameManagers</Filter>
    </ClCompile>
    <ClCompile Include="src\GameManagers\GamePlayManager.cpp">
      <Filter>GameManagers</Filter>
    </ClCompile>
    <ClCompile Include="src\GameManagers\ObjectManager.cpp">
      <Filter>GameManagers</Filter>
    </ClCompile>
    <ClCompile Include="src\GameManagers\ProjectileManager.cpp">
      <Filter>GameManagers</Filter>
    </ClCompile>
    <ClCompile Include="src\GameManagers\Spawner.cpp">
      <Filter>GameManagers</Filter>
    </ClCompile>
    <ClCompile Include="src\GameManagers\TextureManager.cpp">
      <Filter>GameManagers</Filter>
    </ClCompile>
    <ClCompile Include="src\MyObjects\Asteroid.cpp">
      <Filter>MyObjects</Filter>
    </ClCompile>
    <ClCompile Include="src\MyObjects\Player.cpp">
      <Filter>MyObjects</Filter>
    </ClCompile>
    <ClCompile Include="src\MyObjects\Ship.cpp">
      <Filter>MyObjects</Filter>
    </ClCompile>
    <ClCompile Include="src\MyObjects\ShipProjectile.cpp">
      <Filter>MyObjects</Filter>
    </ClCompile>
    <ClCompile Include="src\MyObjects\UFO.cpp">
      <Filter>MyObjects</Filter>
    </ClCompile>
    <ClCompile Include="src\ObjectTemplates\Actor.cpp">
      <Filter>ObjectTemplates</Filter>
    </ClCompile>
    <ClCompile Include="src\ObjectTemplates\GameObject.cpp">
      <Filter>ObjectTemplates</Filter>
    </ClCompile>
    <ClCompile Include="src\ObjectTemplates\Pawn.cpp">
      <Filter>ObjectTemplates</Filter>
    </ClCompile>
    <ClCompile Include="src\ObjectTemplates\Projectile.cpp">
      <Filter>ObjectTemplates</Filter>
    </ClCompile>
    <ClCompile Include="src\Renderer.cpp" />
    <ClCompile Include="src\Vector2D.cpp" />
    <ClCompile Include="src\Vector3D.cpp" />
    <ClCompile Include="src\main.cpp" />
  </ItemGroup>
</Project>